
Microsoft Visual Studio Solution File, Format Version 12.00
# Visual Studio Version 17
VisualStudioVersion = 17.0.31903.59
MinimumVisualStudioVersion = 10.0.40219.1
Project("{2150E333-8FDC-42A3-9474-1A3956D46DE8}") = "src", "src", "{3AFB5971-851D-4139-8478-3BF4AA24C9C9}"
EndProject
Project("{FAE04EC0-301F-11D3-BF4B-00C04F79EFBC}") = "InProc", "src\InProc\InProc.csproj", "{92E5EA2A-EF6D-4700-AD53-8299C436D43E}"
EndProject
Project("{FAE04EC0-301F-11D3-BF4B-00C04F79EFBC}") = "OutOfProc", "src\OutOfProc\OutOfProc.csproj", "{90F98C55-0285-4984-A90C-C506A25E848A}"
EndProject
Global
	GlobalSection(SolutionConfigurationPlatforms) = preSolution
		Debug|Any CPU = Debug|Any CPU
		Release|Any CPU = Release|Any CPU
	EndGlobalSection
	GlobalSection(SolutionProperties) = preSolution
		HideSolutionNode = FALSE
	EndGlobalSection
	GlobalSection(ProjectConfigurationPlatforms) = postSolution
		{92E5EA2A-EF6D-4700-AD53-8299C436D43E}.Debug|Any CPU.ActiveCfg = Debug|Any CPU
		{92E5EA2A-EF6D-4700-AD53-8299C436D43E}.Debug|Any CPU.Build.0 = Debug|Any CPU
		{92E5EA2A-EF6D-4700-AD53-8299C436D43E}.Release|Any CPU.ActiveCfg = Release|Any CPU
		{92E5EA2A-EF6D-4700-AD53-8299C436D43E}.Release|Any CPU.Build.0 = Release|Any CPU
		{90F98C55-0285-4984-A90C-C506A25E848A}.Debug|Any CPU.ActiveCfg = Debug|Any CPU
		{90F98C55-0285-4984-A90C-C506A25E848A}.Debug|Any CPU.Build.0 = Debug|Any CPU
		{90F98C55-0285-4984-A90C-C506A25E848A}.Release|Any CPU.ActiveCfg = Release|Any CPU
		{90F98C55-0285-4984-A90C-C506A25E848A}.Release|Any CPU.Build.0 = Release|Any CPU
	EndGlobalSection
	GlobalSection(NestedProjects) = preSolution
		{92E5EA2A-EF6D-4700-AD53-8299C436D43E} = {3AFB5971-851D-4139-8478-3BF4AA24C9C9}
		{90F98C55-0285-4984-A90C-C506A25E848A} = {3AFB5971-851D-4139-8478-3BF4AA24C9C9}
	EndGlobalSection
EndGlobal
